<?xml version="1.0" encoding="utf-8"?>
<Project ToolsVersion="4.0" xmlns="http://schemas.microsoft.com/developer/msbuild/2003">
  <ItemGroup>
    <Filter Include="Source Files">
      <UniqueIdentifier>{4FC737F1-C7A5-4376-A066-2A32D752A2FF}</UniqueIdentifier>
      <Extensions>cpp;c;cc;cxx;c++;cppm;ixx;def;odl;idl;hpj;bat;asm;asmx</Extensions>
    </Filter>
  </ItemGroup>
  <ItemGroup>
    <ClCompile Include="minhook\src\hde\hde64.c">
      <Filter>Source Files</Filter>
    </ClCompile>
    <ClCompile Include="minhook\src\buffer.c">
      <Filter>Source Files</Filter>
    </ClCompile>
    <ClCompile Include="minhook\src\hook.c">
      <Filter>Source Files</Filter>
    </ClCompile>
    <ClCompile Include="minhook\src\trampoline.c">
      <Filter>Source Files</Filter>
    </ClCompile>
    <ClCompile Include="src\dllmain.cpp">
      <Filter>Source Files</Filter>
    </ClCompile>
  </ItemGroup>
  <ItemGroup>
    <ClInclude Include="minhook\include\MinHook.h" />
    <ClInclude Include="minhook\src\hde\hde64.h" />
    <ClInclude Include="minhook\src\hde\pstdint.h" />
    <ClInclude Include="minhook\src\hde\table64.h" />
    <ClInclude Include="minhook\src\buffer.h" />
    <ClInclude Include="minhook\src\trampoline.h" />
    <ClInclude Include="src\patterns.h" />
    <ClInclude Include="src\io.h" />
    <ClInclude Include="src\drm.h" />
    <ClInclude Include="src\memory.h" />
    <ClInclude Include="src\proxy.h" />
    <ClInclude Include="src\dllincludes.h" />
    <ClInclude Include="src\proxy_info.h" />
    <ClInclude Include="src\ue_types.h" />
    <ClInclude Include="src\loader.h" />
  </ItemGroup>
  <ItemGroup>
    <Text Include="minhook\AUTHORS.txt" />
    <Text Include="minhook\LICENSE.txt" />
    <Text Include="minhook\CHANGES.txt" />
  </ItemGroup>
  <ItemGroup>
    <None Include=".gitignore" />
    <None Include="README.md" />
    <None Include=".gitattributes" />
  </ItemGroup>
</Project>